
Microsoft Visual Studio Solution File, Format Version 12.00
# Visual Studio Version 17
VisualStudioVersion = 17.11.35208.52
MinimumVisualStudioVersion = 10.0.40219.1
Project("{FAE04EC0-301F-11D3-BF4B-00C04F79EFBC}") = "Wisdom", "Wisdom.csproj", "{EB50AF8C-F7EE-43C3-8521-3945B812BDB5}"
EndProject
Global
	GlobalSection(SolutionConfigurationPlatforms) = preSolution
		Debug|Any CPU = Debug|Any CPU
		Release|Any CPU = Release|Any CPU
	EndGlobalSection
	GlobalSection(ProjectConfigurationPlatforms) = postSolution
		{EB50AF8C-F7EE-43C3-8521-3945B812BDB5}.Debug|Any CPU.ActiveCfg = Debug|Any CPU
		{EB50AF8C-F7EE-43C3-8521-3945B812BDB5}.Debug|Any CPU.Build.0 = Debug|Any CPU
		{EB50AF8C-F7EE-43C3-8521-3945B812BDB5}.Release|Any CPU.ActiveCfg = Release|Any CPU
		{EB50AF8C-F7EE-43C3-8521-3945B812BDB5}.Release|Any CPU.Build.0 = Release|Any CPU
	EndGlobalSection
	GlobalSection(SolutionProperties) = preSolution
		HideSolutionNode = FALSE
	EndGlobalSection
	GlobalSection(ExtensibilityGlobals) = postSolution
		SolutionGuid = {A8BF1FEE-9B14-4CBD-8506-105D3076F81D}
	EndGlobalSection
EndGlobal
